// !$*UTF8*$!
{
	archiveVersion = 1;
	classes = {
	};
	objectVersion = 46;
	objects = {

/* Begin PBXBuildFile section */
		83EEF8361B3CB1E100DEF6AD /* AppDelegate.swift in Sources */ = {isa = PBXBuildFile; fileRef = 83EEF8351B3CB1E100DEF6AD /* AppDelegate.swift */; };
		83EEF8381B3CB1E100DEF6AD /* ViewController.swift in Sources */ = {isa = PBXBuildFile; fileRef = 83EEF8371B3CB1E100DEF6AD /* ViewController.swift */; };
		83EEF83B1B3CB1E100DEF6AD /* Main.storyboard in Resources */ = {isa = PBXBuildFile; fileRef = 83EEF8391B3CB1E100DEF6AD /* Main.storyboard */; };
		83EEF83D1B3CB1E100DEF6AD /* Images.xcassets in Resources */ = {isa = PBXBuildFile; fileRef = 83EEF83C1B3CB1E100DEF6AD /* Images.xcassets */; };
		83EEF8401B3CB1E100DEF6AD /* LaunchScreen.xib in Resources */ = {isa = PBXBuildFile; fileRef = 83EEF83E1B3CB1E100DEF6AD /* LaunchScreen.xib */; };
		83EEF84C1B3CB1E200DEF6AD /* MYOATests.swift in Sources */ = {isa = PBXBuildFile; fileRef = 83EEF84B1B3CB1E200DEF6AD /* MYOATests.swift */; };
/* End PBXBuildFile section */

/* Begin PBXContainerItemProxy section */
		83EEF8461B3CB1E200DEF6AD /* PBXContainerItemProxy */ = {
			isa = PBXContainerItemProxy;
			containerPortal = 83EEF8281B3CB1E100DEF6AD /* Project object */;
			proxyType = 1;
			remoteGlobalIDString = 83EEF82F1B3CB1E100DEF6AD;
			remoteInfo = MYOA;
		};
/* End PBXContainerItemProxy section */

/* Begin PBXFileReference section */
		83EEF8301B3CB1E100DEF6AD /* MYOA.app */ = {isa = PBXFileReference; explicitFileType = wrapper.application; includeInIndex = 0; path = MYOA.app; sourceTree = BUILT_PRODUCTS_DIR; };
		83EEF8341B3CB1E100DEF6AD /* Info.plist */ = {isa = PBXFileReference; lastKnownFileType = text.plist.xml; path = Info.plist; sourceTree = "<group>"; };
		83EEF8351B3CB1E100DEF6AD /* AppDelegate.swift */ = {isa = PBXFileReference; lastKnownFileType = sourcecode.swift; path = AppDelegate.swift; sourceTree = "<group>"; };
		83EEF8371B3CB1E100DEF6AD /* ViewController.swift */ = {isa = PBXFileReference; lastKnownFileType = sourcecode.swift; path = ViewController.swift; sourceTree = "<group>"; };
		83EEF83A1B3CB1E100DEF6AD /* Base */ = {isa = PBXFileReference; lastKnownFileType = file.storyboard; name = Base; path = Base.lproj/Main.storyboard; sourceTree = "<group>"; };
		83EEF83C1B3CB1E100DEF6AD /* Images.xcassets */ = {isa = PBXFileReference; lastKnownFileType = folder.assetcatalog; path = Images.xcassets; sourceTree = "<group>"; };
		83EEF83F1B3CB1E100DEF6AD /* Base */ = {isa = PBXFileReference; lastKnownFileType = file.xib; name = Base; path = Base.lproj/LaunchScreen.xib; sourceTree = "<group>"; };
		83EEF8451B3CB1E200DEF6AD /* MYOATests.xctest */ = {isa = PBXFileReference; explicitFileType = wrapper.cfbundle; includeInIndex = 0; path = MYOATests.xctest; sourceTree = BUILT_PRODUCTS_DIR; };
		83EEF84A1B3CB1E200DEF6AD /* Info.plist */ = {isa = PBXFileReference; lastKnownFileType = text.plist.xml; path = Info.plist; sourceTree = "<group>"; };
		83EEF84B1B3CB1E200DEF6AD /* MYOATests.swift */ = {isa = PBXFileReference; lastKnownFileType = sourcecode.swift; path = MYOATests.swift; sourceTree = "<group>"; };
/* End PBXFileReference section */

/* Begin PBXFrameworksBuildPhase section */
		83EEF82D1B3CB1E100DEF6AD /* Frameworks */ = {
			isa = PBXFrameworksBuildPhase;
			buildActionMask = 2147483647;
			files = (
			);
			runOnlyForDeploymentPostprocessing = 0;
		};
		83EEF8421B3CB1E200DEF6AD /* Frameworks */ = {
			isa = PBXFrameworksBuildPhase;
			buildActionMask = 2147483647;
			files = (
			);
			runOnlyForDeploymentPostprocessing = 0;
		};
/* End PBXFrameworksBuildPhase section */

/* Begin PBXGroup section */
		83EEF8271B3CB1E100DEF6AD = {
			isa = PBXGroup;
			children = (
				83EEF8321B3CB1E100DEF6AD /* MYOA */,
				83EEF8481B3CB1E200DEF6AD /* MYOATests */,
				83EEF8311B3CB1E100DEF6AD /* Products */,
			);
			sourceTree = "<group>";
		};
		83EEF8311B3CB1E100DEF6AD /* Products */ = {
			isa = PBXGroup;
			children = (
				83EEF8301B3CB1E100DEF6AD /* MYOA.app */,
				83EEF8451B3CB1E200DEF6AD /* MYOATests.xctest */,
			);
			name = Products;
			sourceTree = "<group>";
		};
		83EEF8321B3CB1E100DEF6AD /* MYOA */ = {
			isa = PBXGroup;
			children = (
				83EEF8351B3CB1E100DEF6AD /* AppDelegate.swift */,
				83EEF8371B3CB1E100DEF6AD /* ViewController.swift */,
				83EEF8391B3CB1E100DEF6AD /* Main.storyboard */,
				83EEF83C1B3CB1E100DEF6AD /* Images.xcassets */,
				83EEF83E1B3CB1E100DEF6AD /* LaunchScreen.xib */,
				83EEF8331B3CB1E100DEF6AD /* Supporting Files */,
			);
			path = MYOA;
			sourceTree = "<group>";
		};
		83EEF8331B3CB1E100DEF6AD /* Supporting Files */ = {
			isa = PBXGroup;
			children = (
				83EEF8341B3CB1E100DEF6AD /* Info.plist */,
			);
			name = "Supporting Files";
			sourceTree = "<group>";
		};
		83EEF8481B3CB1E200DEF6AD /* MYOATests */ = {
			isa = PBXGroup;
			children = (
				83EEF84B1B3CB1E200DEF6AD /* MYOATests.swift */,
				83EEF8491B3CB1E200DEF6AD /* Supporting Files */,
			);
			path = MYOATests;
			sourceTree = "<group>";
		};
		83EEF8491B3CB1E200DEF6AD /* Supporting Files */ = {
			isa = PBXGroup;
			children = (
				83EEF84A1B3CB1E200DEF6AD /* Info.plist */,
			);
			name = "Supporting Files";
			sourceTree = "<group>";
		};
/* End PBXGroup section */

/* Begin PBXNativeTarget section */
		83EEF82F1B3CB1E100DEF6AD /* MYOA */ = {
			isa = PBXNativeTarget;
			buildConfigurationList = 83EEF84F1B3CB1E200DEF6AD /* Build configuration list for PBXNativeTarget "MYOA" */;
			buildPhases = (
				83EEF82C1B3CB1E100DEF6AD /* Sources */,
				83EEF82D1B3CB1E100DEF6AD /* Frameworks */,
				83EEF82E1B3CB1E100DEF6AD /* Resources */,
			);
			buildRules = (
			);
			dependencies = (
			);
			name = MYOA;
			productName = MYOA;
			productReference = 83EEF8301B3CB1E100DEF6AD /* MYOA.app */;
			productType = "com.apple.product-type.application";
		};
		83EEF8441B3CB1E200DEF6AD /* MYOATests */ = {
			isa = PBXNativeTarget;
			buildConfigurationList = 83EEF8521B3CB1E200DEF6AD /* Build configuration list for PBXNativeTarget "MYOATests" */;
			buildPhases = (
				83EEF8411B3CB1E200DEF6AD /* Sources */,
				83EEF8421B3CB1E200DEF6AD /* Frameworks */,
				83EEF8431B3CB1E200DEF6AD /* Resources */,
			);
			buildRules = (
			);
			dependencies = (
				83EEF8471B3CB1E200DEF6AD /* PBXTargetDependency */,
			);
			name = MYOATests;
			productName = MYOATests;
			productReference = 83EEF8451B3CB1E200DEF6AD /* MYOATests.xctest */;
			productType = "com.apple.product-type.bundle.unit-test";
		};
/* End PBXNativeTarget section */

/* Begin PBXProject section */
		83EEF8281B3CB1E100DEF6AD /* Project object */ = {
			isa = PBXProject;
			attributes = {
				LastUpgradeCheck = 0630;
				ORGANIZATIONNAME = CWatson;
				TargetAttributes = {
					83EEF82F1B3CB1E100DEF6AD = {
						CreatedOnToolsVersion = 6.3.1;
					};
					83EEF8441B3CB1E200DEF6AD = {
						CreatedOnToolsVersion = 6.3.1;
						TestTargetID = 83EEF82F1B3CB1E100DEF6AD;
					};
				};
			};
			buildConfigurationList = 83EEF82B1B3CB1E100DEF6AD /* Build configuration list for PBXProject "MYOA" */;
			compatibilityVersion = "Xcode 3.2";
			developmentRegion = English;
			hasScannedForEncodings = 0;
			knownRegions = (
				en,
				Base,
			);
			mainGroup = 83EEF8271B3CB1E100DEF6AD;
			productRefGroup = 83EEF8311B3CB1E100DEF6AD /* Products */;
			projectDirPath = "";
			projectRoot = "";
			targets = (
				83EEF82F1B3CB1E100DEF6AD /* MYOA */,
				83EEF8441B3CB1E200DEF6AD /* MYOATests */,
			);
		};
/* End PBXProject section */

/* Begin PBXResourcesBuildPhase section */
		83EEF82E1B3CB1E100DEF6AD /* Resources */ = {
			isa = PBXResourcesBuildPhase;
			buildActionMask = 2147483647;
			files = (
				83EEF83B1B3CB1E100DEF6AD /* Main.storyboard in Resources */,
				83EEF8401B3CB1E100DEF6AD /* LaunchScreen.xib in Resources */,
				83EEF83D1B3CB1E100DEF6AD /* Images.xcassets in Resources */,
			);
			runOnlyForDeploymentPostprocessing = 0;
		};
		83EEF8431B3CB1E200DEF6AD /* Resources */ = {
			isa = PBXResourcesBuildPhase;
			buildActionMask = 2147483647;
			files = (
			);
			runOnlyForDeploymentPostprocessing = 0;
		};
/* End PBXResourcesBuildPhase section */

/* Begin PBXSourcesBuildPhase section */
		83EEF82C1B3CB1E100DEF6AD /* Sources */ = {
			isa = PBXSourcesBuildPhase;
			buildActionMask = 2147483647;
			files = (
				83EEF8381B3CB1E100DEF6AD /* ViewController.swift in Sources */,
				83EEF8361B3CB1E100DEF6AD /* AppDelegate.swift in Sources */,
			);
			runOnlyForDeploymentPostprocessing = 0;
		};
		83EEF8411B3CB1E200DEF6AD /* Sources */ = {
			isa = PBXSourcesBuildPhase;
			buildActionMask = 2147483647;
			files = (
				83EEF84C1B3CB1E200DEF6AD /* MYOATests.swift in Sources */,
			);
			runOnlyForDeploymentPostprocessing = 0;
		};
/* End PBXSourcesBuildPhase section */

/* Begin PBXTargetDependency section */
		83EEF8471B3CB1E200DEF6AD /* PBXTargetDependency */ = {
			isa = PBXTargetDependency;
			target = 83EEF82F1B3CB1E100DEF6AD /* MYOA */;
			targetProxy = 83EEF8461B3CB1E200DEF6AD /* PBXContainerItemProxy */;
		};
/* End PBXTargetDependency section */

/* Begin PBXVariantGroup section */
		83EEF8391B3CB1E100DEF6AD /* Main.storyboard */ = {
			isa = PBXVariantGroup;
			children = (
				83EEF83A1B3CB1E100DEF6AD /* Base */,
			);
			name = Main.storyboard;
			sourceTree = "<group>";
		};
		83EEF83E1B3CB1E100DEF6AD /* LaunchScreen.xib */ = {
			isa = PBXVariantGroup;
			children = (
				83EEF83F1B3CB1E100DEF6AD /* Base */,
			);
			name = LaunchScreen.xib;
			sourceTree = "<group>";
		};
/* End PBXVariantGroup section */

/* Begin XCBuildConfiguration section */
		83EEF84D1B3CB1E200DEF6AD /* Debug */ = {
			isa = XCBuildConfiguration;
			buildSettings = {
				ALWAYS_SEARCH_USER_PATHS = NO;
				CLANG_CXX_LANGUAGE_STANDARD = "gnu++0x";
				CLANG_CXX_LIBRARY = "libc++";
				CLANG_ENABLE_MODULES = YES;
				CLANG_ENABLE_OBJC_ARC = YES;
				CLANG_WARN_BOOL_CONVERSION = YES;
				CLANG_WARN_CONSTANT_CONVERSION = YES;
				CLANG_WARN_DIRECT_OBJC_ISA_USAGE = YES_ERROR;
				CLANG_WARN_EMPTY_BODY = YES;
				CLANG_WARN_ENUM_CONVERSION = YES;
				CLANG_WARN_INT_CONVERSION = YES;
				CLANG_WARN_OBJC_ROOT_CLASS = YES_ERROR;
				CLANG_WARN_UNREACHABLE_CODE = YES;
				CLANG_WARN__DUPLICATE_METHOD_MATCH = YES;
				"CODE_SIGN_IDENTITY[sdk=iphoneos*]" = "iPhone Developer";
				COPY_PHASE_STRIP = NO;
				DEBUG_INFORMATION_FORMAT = "dwarf-with-dsym";
				ENABLE_STRICT_OBJC_MSGSEND = YES;
				GCC_C_LANGUAGE_STANDARD = gnu99;
				GCC_DYNAMIC_NO_PIC = NO;
				GCC_NO_COMMON_BLOCKS = YES;
				GCC_OPTIMIZATION_LEVEL = 0;
				GCC_PREPROCESSOR_DEFINITIONS = (
					"DEBUG=1",
					"$(inherited)",
				);
				GCC_SYMBOLS_PRIVATE_EXTERN = NO;
				GCC_WARN_64_TO_32_BIT_CONVERSION = YES;
				GCC_WARN_ABOUT_RETURN_TYPE = YES_ERROR;
				GCC_WARN_UNDECLARED_SELECTOR = YES;
				GCC_WARN_UNINITIALIZED_AUTOS = YES_AGGRESSIVE;
				GCC_WARN_UNUSED_FUNCTION = YES;
				GCC_WARN_UNUSED_VARIABLE = YES;
				IPHONEOS_DEPLOYMENT_TARGET = 8.3;
				MTL_ENABLE_DEBUG_INFO = YES;
				ONLY_ACTIVE_ARCH = YES;
				SDKROOT = iphoneos;
				SWIFT_OPTIMIZATION_LEVEL = "-Onone";
			};
			name = Debug;
		};
		83EEF84E1B3CB1E200DEF6AD /* Release */ = {
			isa = XCBuildConfiguration;
			buildSettings = {
				ALWAYS_SEARCH_USER_PATHS = NO;
				CLANG_CXX_LANGUAGE_STANDARD = "gnu++0x";
				CLANG_CXX_LIBRARY = "libc++";
				CLANG_ENABLE_MODULES = YES;
				CLANG_ENABLE_OBJC_ARC = YES;
				CLANG_WARN_BOOL_CONVERSION = YES;
				CLANG_WARN_CONSTANT_CONVERSION = YES;
				CLANG_WARN_DIRECT_OBJC_ISA_USAGE = YES_ERROR;
				CLANG_WARN_EMPTY_BODY = YES;
				CLANG_WARN_ENUM_CONVERSION = YES;
				CLANG_WARN_INT_CONVERSION = YES;
				CLANG_WARN_OBJC_ROOT_CLASS = YES_ERROR;
				CLANG_WARN_UNREACHABLE_CODE = YES;
				CLANG_WARN__DUPLICATE_METHOD_MATCH = YES;
				"CODE_SIGN_IDENTITY[sdk=iphoneos*]" = "iPhone Developer";
				COPY_PHASE_STRIP = NO;
				DEBUG_INFORMATION_FORMAT = "dwarf-with-dsym";
				ENABLE_NS_ASSERTIONS = NO;
				ENABLE_STRICT_OBJC_MSGSEND = YES;
				GCC_C_LANGUAGE_STANDARD = gnu99;
				GCC_NO_COMMON_BLOCKS = YES;
				GCC_WARN_64_TO_32_BIT_CONVERSION = YES;
				GCC_WARN_ABOUT_RETURN_TYPE = YES_ERROR;
				GCC_WARN_UNDECLARED_SELECTOR = YES;
				GCC_WARN_UNINITIALIZED_AUTOS = YES_AGGRESSIVE;
				GCC_WARN_UNUSED_FUNCTION = YES;
				GCC_WARN_UNUSED_VARIABLE = YES;
				IPHONEOS_DEPLOYMENT_TARGET = 8.3;
				MTL_ENABLE_DEBUG_INFO = NO;
				SDKROOT = iphoneos;
				VALIDATE_PRODUCT = YES;
			};
			name = Release;
		};
		83EEF8501B3CB1E200DEF6AD /* Debug */ = {
			isa = XCBuildConfiguration;
			buildSettings = {
				ASSETCATALOG_COMPILER_APPICON_NAME = AppIcon;
				INFOPLIST_FILE = MYOA/Info.plist;
				LD_RUNPATH_SEARCH_PATHS = "$(inherited) @executable_path/Frameworks";
				PRODUCT_NAME = "$(TARGET_NAME)";
			};
			name = Debug;
		};
		83EEF8511B3CB1E200DEF6AD /* Release */ = {
			isa = XCBuildConfiguration;
			buildSettings = {
				ASSETCATALOG_COMPILER_APPICON_NAME = AppIcon;
				INFOPLIST_FILE = MYOA/Info.plist;
				LD_RUNPATH_SEARCH_PATHS = "$(inherited) @executable_path/Frameworks";
				PRODUCT_NAME = "$(TARGET_NAME)";
			};
			name = Release;
		};
		83EEF8531B3CB1E200DEF6AD /* Debug */ = {
			isa = XCBuildConfiguration;
			buildSettings = {
				BUNDLE_LOADER = "$(TEST_HOST)";
				FRAMEWORK_SEARCH_PATHS = (
					"$(SDKROOT)/Developer/Library/Frameworks",
					"$(inherited)",
				);
				GCC_PREPROCESSOR_DEFINITIONS = (
					"DEBUG=1",
					"$(inherited)",
				);
				INFOPLIST_FILE = MYOATests/Info.plist;
				LD_RUNPATH_SEARCH_PATHS = "$(inherited) @executable_path/Frameworks @loader_path/Frameworks";
				PRODUCT_NAME = "$(TARGET_NAME)";
				TEST_HOST = "$(BUILT_PRODUCTS_DIR)/MYOA.app/MYOA";
			};
			name = Debug;
		};
		83EEF8541B3CB1E200DEF6AD /* Release */ = {
			isa = XCBuildConfiguration;
			buildSettings = {
				BUNDLE_LOADER = "$(TEST_HOST)";
				FRAMEWORK_SEARCH_PATHS = (
					"$(SDKROOT)/Developer/Library/Frameworks",
					"$(inherited)",
				);
				INFOPLIST_FILE = MYOATests/Info.plist;
				LD_RUNPATH_SEARCH_PATHS = "$(inherited) @executable_path/Frameworks @loader_path/Frameworks";
				PRODUCT_NAME = "$(TARGET_NAME)";
				TEST_HOST = "$(BUILT_PRODUCTS_DIR)/MYOA.app/MYOA";
			};
			name = Release;
		};
/* End XCBuildConfiguration section */

/* Begin XCConfigurationList section */
		83EEF82B1B3CB1E100DEF6AD /* Build configuration list for PBXProject "MYOA" */ = {
			isa = XCConfigurationList;
			buildConfigurations = (
				83EEF84D1B3CB1E200DEF6AD /* Debug */,
				83EEF84E1B3CB1E200DEF6AD /* Release */,
			);
			defaultConfigurationIsVisible = 0;
			defaultConfigurationName = Release;
		};
		83EEF84F1B3CB1E200DEF6AD /* Build configuration list for PBXNativeTarget "MYOA" */ = {
			isa = XCConfigurationList;
			buildConfigurations = (
				83EEF8501B3CB1E200DEF6AD /* Debug */,
				83EEF8511B3CB1E200DEF6AD /* Release */,
			);
			defaultConfigurationIsVisible = 0;
		};
		83EEF8521B3CB1E200DEF6AD /* Build configuration list for PBXNativeTarget "MYOATests" */ = {
			isa = XCConfigurationList;
			buildConfigurations = (
				83EEF8531B3CB1E200DEF6AD /* Debug */,
				83EEF8541B3CB1E200DEF6AD /* Release */,
			);
			defaultConfigurationIsVisible = 0;
		};
/* End XCConfigurationList section */
	};
	rootObject = 83EEF8281B3CB1E100DEF6AD /* Project object */;
}
